<?xml version="1.0" encoding="utf-8"?>
<Project ToolsVersion="4.0" xmlns="http://schemas.microsoft.com/developer/msbuild/2003">
  <ItemGroup>
    <Filter Include="Source Files">
      <UniqueIdentifier>{4FC737F1-C7A5-4376-A066-2A32D752A2FF}</UniqueIdentifier>
      <Extensions>cpp;c;cc;cxx;def;odl;idl;hpj;bat;asm;asmx</Extensions>
    </Filter>
    <Filter Include="Header Files">
      <UniqueIdentifier>{93995380-89BD-4b04-88EB-625FBE52EBFB}</UniqueIdentifier>
      <Extensions>h;hpp;hxx;hm;inl;inc;xsd</Extensions>
    </Filter>
    <Filter Include="Resource Files">
      <UniqueIdentifier>{67DA6AB6-F800-4c08-8B7A-83BB121AAD01}</UniqueIdentifier>
      <Extensions>rc;ico;cur;bmp;dlg;rc2;rct;bin;rgs;gif;jpg;jpeg;jpe;resx;tiff;tif;png;wav</Extensions>
    </Filter>
  </ItemGroup>
  <ItemGroup>
    <ClCompile Include="..\alarm.c">
      <Filter>Source Files</Filter>
    </ClCompile>
    <ClCompile Include="..\alarmday.c">
      <Filter>Source Files</Filter>
    </ClCompile>
    <ClCompile Include="..\BounceWind.c">
      <Filter>Source Files</Filter>
    </ClCompile>
    <ClCompile Include="..\DeskCalendar.c">
      <Filter>Source Files</Filter>
    </ClCompile>
    <ClCompile Include="..\ExitWindows.c">
      <Filter>Source Files</Filter>
    </ClCompile>
    <ClCompile Include="..\GetSetTimePerms.c">
      <Filter>Source Files</Filter>
    </ClCompile>
    <ClCompile Include="..\main.c">
      <Filter>Source Files</Filter>
    </ClCompile>
    <ClCompile Include="..\menu.c">
      <Filter>Source Files</Filter>
    </ClCompile>
    <ClCompile Include="..\mouse.c">
      <Filter>Source Files</Filter>
    </ClCompile>
    <ClCompile Include="..\pageabout.c">
      <Filter>Source Files</Filter>
    </ClCompile>
    <ClCompile Include="..\pagealarm.c">
      <Filter>Source Files</Filter>
    </ClCompile>
    <ClCompile Include="..\pagecolor.c">
      <Filter>Source Files</Filter>
    </ClCompile>
    <ClCompile Include="..\pageformat.c">
      <Filter>Source Files</Filter>
    </ClCompile>
    <ClCompile Include="..\PageHotKey.c">
      <Filter>Source Files</Filter>
    </ClCompile>
    <ClCompile Include="..\PageMisc.c">
      <Filter>Source Files</Filter>
    </ClCompile>
    <ClCompile Include="..\PageMouse.c">
      <Filter>Source Files</Filter>
    </ClCompile>
    <ClCompile Include="..\PageQuicky.c">
      <Filter>Source Files</Filter>
    </ClCompile>
    <ClCompile Include="..\PageQuickyMenu.c">
      <Filter>Source Files</Filter>
    </ClCompile>
    <ClCompile Include="..\propsheet.c">
      <Filter>Source Files</Filter>
    </ClCompile>
    <ClCompile Include="..\SNTP.c">
      <Filter>Source Files</Filter>
    </ClCompile>
    <ClCompile Include="..\soundselect.c">
      <Filter>Source Files</Filter>
    </ClCompile>
    <ClCompile Include="..\StopWatch.c">
      <Filter>Source Files</Filter>
    </ClCompile>
    <ClCompile Include="..\timer.c">
      <Filter>Source Files</Filter>
    </ClCompile>
    <ClCompile Include="..\utl.c">
      <Filter>Source Files</Filter>
    </ClCompile>
  </ItemGroup>
  <ItemGroup>
    <ClInclude Include="..\resource.h">
      <Filter>Header Files</Filter>
    </ClInclude>
    <ClInclude Include="..\tclock.h">
      <Filter>Header Files</Filter>
    </ClInclude>
  </ItemGroup>
  <ItemGroup>
    <None Include="..\Clock.ico">
      <Filter>Resource Files</Filter>
    </None>
    <None Include="..\del.ico">
      <Filter>Resource Files</Filter>
    </None>
    <None Include="..\JackRussel.bmp">
      <Filter>Resource Files</Filter>
    </None>
    <None Include="..\Logo.ico">
      <Filter>Resource Files</Filter>
    </None>
    <None Include="..\PLAY.ico">
      <Filter>Resource Files</Filter>
    </None>
    <None Include="..\stop.ico">
      <Filter>Resource Files</Filter>
    </None>
  </ItemGroup>
  <ItemGroup>
    <ResourceCompile Include="..\tClock.rc">
      <Filter>Resource Files</Filter>
    </ResourceCompile>
    <ResourceCompile Include="..\Win32.Version.rc">
      <Filter>Resource Files</Filter>
    </ResourceCompile>
  </ItemGroup>
</Project>